
Microsoft Visual Studio Solution File, Format Version 12.00
# Visual Studio Version 17
VisualStudioVersion = 17.7.34031.279
MinimumVisualStudioVersion = 10.0.40219.1
Project("{FAE04EC0-301F-11D3-BF4B-00C04F79EFBC}") = "toplama", "toplama\toplama.csproj", "{F85D56C1-3327-4D46-8206-53034386821F}"
EndProject
Global
	GlobalSection(SolutionConfigurationPlatforms) = preSolution
		Debug|Any CPU = Debug|Any CPU
		Release|Any CPU = Release|Any CPU
	EndGlobalSection
	GlobalSection(ProjectConfigurationPlatforms) = postSolution
		{F85D56C1-3327-4D46-8206-53034386821F}.Debug|Any CPU.ActiveCfg = Debug|Any CPU
		{F85D56C1-3327-4D46-8206-53034386821F}.Debug|Any CPU.Build.0 = Debug|Any CPU
		{F85D56C1-3327-4D46-8206-53034386821F}.Release|Any CPU.ActiveCfg = Release|Any CPU
		{F85D56C1-3327-4D46-8206-53034386821F}.Release|Any CPU.Build.0 = Release|Any CPU
	EndGlobalSection
	GlobalSection(SolutionProperties) = preSolution
		HideSolutionNode = FALSE
	EndGlobalSection
	GlobalSection(ExtensibilityGlobals) = postSolution
		SolutionGuid = {F7568F1B-CDF0-4898-9C09-BEFC1DB588A7}
	EndGlobalSection
EndGlobal
